%{"bunt": {:hex, :bunt, "0.1.4"},
  "certifi": {:hex, :certifi, "0.3.0"},
  "combine": {:hex, :combine, "0.7.0"},
  "credo": {:hex, :credo, "0.2.5"},
  "dialyxir": {:hex, :dialyxir, "0.3.2"},
  "earmark": {:hex, :earmark, "0.2.0"},
  "ex_doc": {:hex, :ex_doc, "0.11.3"},
  "excoveralls": {:hex, :excoveralls, "0.4.5"},
  "exjsx": {:hex, :exjsx, "3.2.0"},
  "hackney": {:hex, :hackney, "1.4.8"},
  "httpoison": {:hex, :httpoison, "0.8.0"},
  "idna": {:hex, :idna, "1.0.3"},
  "jsx": {:hex, :jsx, "2.6.2"},
  "meck": {:hex, :meck, "0.8.4"},
  "mimerl": {:hex, :mimerl, "1.0.2"},
  "mock": {:hex, :mock, "0.1.1"},
  "poison": {:hex, :poison, "1.5.2"},
  "ssl_verify_hostname": {:hex, :ssl_verify_hostname, "1.0.5"},
  "timex": {:hex, :timex, "0.19.5"},
  "tzdata": {:hex, :tzdata, "0.5.6"}}
